<?xml version="1.0" encoding="utf-8"?>
<Project ToolsVersion="15.0" xmlns="http://schemas.microsoft.com/developer/msbuild/2003">
  <ItemGroup>
    <ClCompile Include="D:\OneDrive\Dokument\repos\YEngine\tests\tests\ComponentManager_Test.cpp">
      <Filter>Source Files</Filter>
    </ClCompile>
    <ClCompile Include="D:\OneDrive\Dokument\repos\YEngine\tests\tests\Component_Test.cpp">
      <Filter>Source Files</Filter>
    </ClCompile>
    <ClCompile Include="D:\OneDrive\Dokument\repos\YEngine\tests\tests\EventHandler_Test.cpp">
      <Filter>Source Files</Filter>
    </ClCompile>
    <ClCompile Include="D:\OneDrive\Dokument\repos\YEngine\tests\tests\GameTime_Test.cpp">
      <Filter>Source Files</Filter>
    </ClCompile>
    <ClCompile Include="D:\OneDrive\Dokument\repos\YEngine\tests\tests\IDHandler_Test.cpp">
      <Filter>Source Files</Filter>
    </ClCompile>
    <ClCompile Include="D:\OneDrive\Dokument\repos\YEngine\tests\tests\MemoryManager_Test.cpp">
      <Filter>Source Files</Filter>
    </ClCompile>
    <ClCompile Include="D:\OneDrive\Dokument\repos\YEngine\tests\tests\idlist_Test.cpp">
      <Filter>Source Files</Filter>
    </ClCompile>
    <ClCompile Include="D:\OneDrive\Dokument\repos\YEngine\tests\tests\main_test.cpp">
      <Filter>Source Files</Filter>
    </ClCompile>
  </ItemGroup>
  <ItemGroup>
    <ClInclude Include="D:\OneDrive\Dokument\repos\YEngine\tests\tests\sharedTestDefinitions.h">
      <Filter>Header Files</Filter>
    </ClInclude>
  </ItemGroup>
  <ItemGroup>
    <CustomBuild Include="D:\OneDrive\Dokument\repos\YEngine\tests\tests\CMakeLists.txt" />
  </ItemGroup>
  <ItemGroup>
    <Filter Include="Header Files">
      <UniqueIdentifier>{F150B10D-716D-3CAD-ABE4-D717F0695505}</UniqueIdentifier>
    </Filter>
    <Filter Include="Source Files">
      <UniqueIdentifier>{886A0617-D51F-3D59-B7DB-08325E97BFD1}</UniqueIdentifier>
    </Filter>
  </ItemGroup>
</Project>
