<?xml version="1.0" encoding="utf-8"?>
<Project ToolsVersion="15.0" xmlns="http://schemas.microsoft.com/developer/msbuild/2003">
  <ItemGroup>
    <CustomBuild Include="D:\OneDrive\Dokument\repos\YEngine\project\CMakeFiles\5796cb2ff92159b7f24705fb3bb0cf4a\RUN_TESTS_force.rule">
      <Filter>CMake Rules</Filter>
    </CustomBuild>
  </ItemGroup>
  <ItemGroup>
    <Filter Include="CMake Rules">
      <UniqueIdentifier>{28C55318-026D-3E8C-B1E5-43D45D73DC98}</UniqueIdentifier>
    </Filter>
  </ItemGroup>
</Project>
