<?xml version="1.0" encoding="utf-8"?>
<Project ToolsVersion="15.0" xmlns="http://schemas.microsoft.com/developer/msbuild/2003">
  <ItemGroup>
    <ClCompile Include="D:\OneDrive\Dokument\repos\YEngine\src\source\Components\AnimationComponent.cpp">
      <Filter>Source Files</Filter>
    </ClCompile>
    <ClCompile Include="D:\OneDrive\Dokument\repos\YEngine\src\source\Components\CameraComponent.cpp">
      <Filter>Source Files</Filter>
    </ClCompile>
    <ClCompile Include="D:\OneDrive\Dokument\repos\YEngine\src\source\Components\GraphicsComponent.cpp">
      <Filter>Source Files</Filter>
    </ClCompile>
    <ClCompile Include="D:\OneDrive\Dokument\repos\YEngine\src\source\Components\LightComponent.cpp">
      <Filter>Source Files</Filter>
    </ClCompile>
    <ClCompile Include="D:\OneDrive\Dokument\repos\YEngine\src\source\Components\PhysicsComponent.cpp">
      <Filter>Source Files</Filter>
    </ClCompile>
    <ClCompile Include="D:\OneDrive\Dokument\repos\YEngine\src\source\Components\PositionalComponent.cpp">
      <Filter>Source Files</Filter>
    </ClCompile>
    <ClCompile Include="D:\OneDrive\Dokument\repos\YEngine\src\source\Components\SubEntityComponent.cpp">
      <Filter>Source Files</Filter>
    </ClCompile>
    <ClCompile Include="D:\OneDrive\Dokument\repos\YEngine\src\source\Components\SuperEntityComponent.cpp">
      <Filter>Source Files</Filter>
    </ClCompile>
    <ClCompile Include="D:\OneDrive\Dokument\repos\YEngine\src\source\General\ComponentManager.cpp">
      <Filter>Source Files</Filter>
    </ClCompile>
    <ClCompile Include="D:\OneDrive\Dokument\repos\YEngine\src\source\General\EventHandler.cpp">
      <Filter>Source Files</Filter>
    </ClCompile>
    <ClCompile Include="D:\OneDrive\Dokument\repos\YEngine\src\source\General\GameTime.cpp">
      <Filter>Source Files</Filter>
    </ClCompile>
    <ClCompile Include="D:\OneDrive\Dokument\repos\YEngine\src\source\General\IDHandler.cpp">
      <Filter>Source Files</Filter>
    </ClCompile>
    <ClCompile Include="D:\OneDrive\Dokument\repos\YEngine\src\source\General\Locator.cpp">
      <Filter>Source Files</Filter>
    </ClCompile>
    <ClCompile Include="D:\OneDrive\Dokument\repos\YEngine\src\source\General\MemoryManager.cpp">
      <Filter>Source Files</Filter>
    </ClCompile>
    <ClCompile Include="D:\OneDrive\Dokument\repos\YEngine\src\source\General\Renderer.cpp">
      <Filter>Source Files</Filter>
    </ClCompile>
    <ClCompile Include="D:\OneDrive\Dokument\repos\YEngine\src\source\General\Resource.cpp">
      <Filter>Source Files</Filter>
    </ClCompile>
    <ClCompile Include="D:\OneDrive\Dokument\repos\YEngine\src\source\General\ResourceManager.cpp">
      <Filter>Source Files</Filter>
    </ClCompile>
    <ClCompile Include="D:\OneDrive\Dokument\repos\YEngine\src\source\General\Shader.cpp">
      <Filter>Source Files</Filter>
    </ClCompile>
    <ClCompile Include="D:\OneDrive\Dokument\repos\YEngine\src\source\General\StateManager.cpp">
      <Filter>Source Files</Filter>
    </ClCompile>
    <ClCompile Include="D:\OneDrive\Dokument\repos\YEngine\src\source\General\Texture.cpp">
      <Filter>Source Files</Filter>
    </ClCompile>
  </ItemGroup>
  <ItemGroup>
    <ClInclude Include="D:\OneDrive\Dokument\repos\YEngine\src\interface\Components\AnimationComponent.h">
      <Filter>Header Files</Filter>
    </ClInclude>
    <ClInclude Include="D:\OneDrive\Dokument\repos\YEngine\src\interface\Components\CameraComponent.h">
      <Filter>Header Files</Filter>
    </ClInclude>
    <ClInclude Include="D:\OneDrive\Dokument\repos\YEngine\src\interface\Components\Component.h">
      <Filter>Header Files</Filter>
    </ClInclude>
    <ClInclude Include="D:\OneDrive\Dokument\repos\YEngine\src\interface\Components\GraphicsComponent.h">
      <Filter>Header Files</Filter>
    </ClInclude>
    <ClInclude Include="D:\OneDrive\Dokument\repos\YEngine\src\interface\Components\LightComponent.h">
      <Filter>Header Files</Filter>
    </ClInclude>
    <ClInclude Include="D:\OneDrive\Dokument\repos\YEngine\src\interface\Components\PhysicsComponent.h">
      <Filter>Header Files</Filter>
    </ClInclude>
    <ClInclude Include="D:\OneDrive\Dokument\repos\YEngine\src\interface\Components\PositionalComponent.h">
      <Filter>Header Files</Filter>
    </ClInclude>
    <ClInclude Include="D:\OneDrive\Dokument\repos\YEngine\src\interface\General\IDHandler.h">
      <Filter>Header Files</Filter>
    </ClInclude>
    <ClInclude Include="D:\OneDrive\Dokument\repos\YEngine\src\interface\General\YUtilityTypes.h">
      <Filter>Header Files</Filter>
    </ClInclude>
    <ClInclude Include="D:\OneDrive\Dokument\repos\YEngine\src\interface\General\idlist.h">
      <Filter>Header Files</Filter>
    </ClInclude>
    <ClInclude Include="D:\OneDrive\Dokument\repos\YEngine\src\source\Commands\Command.h">
      <Filter>Header Files</Filter>
    </ClInclude>
    <ClInclude Include="D:\OneDrive\Dokument\repos\YEngine\src\source\Components\SubEntityComponent.h">
      <Filter>Header Files</Filter>
    </ClInclude>
    <ClInclude Include="D:\OneDrive\Dokument\repos\YEngine\src\source\Components\SuperEntityComponent.h">
      <Filter>Header Files</Filter>
    </ClInclude>
    <ClInclude Include="D:\OneDrive\Dokument\repos\YEngine\src\source\General\ComponentManager.h">
      <Filter>Header Files</Filter>
    </ClInclude>
    <ClInclude Include="D:\OneDrive\Dokument\repos\YEngine\src\source\General\EventHandler.h">
      <Filter>Header Files</Filter>
    </ClInclude>
    <ClInclude Include="D:\OneDrive\Dokument\repos\YEngine\src\source\General\GameTime.h">
      <Filter>Header Files</Filter>
    </ClInclude>
    <ClInclude Include="D:\OneDrive\Dokument\repos\YEngine\src\source\General\IComponentManager.h">
      <Filter>Header Files</Filter>
    </ClInclude>
    <ClInclude Include="D:\OneDrive\Dokument\repos\YEngine\src\source\General\IResourceManager.h">
      <Filter>Header Files</Filter>
    </ClInclude>
    <ClInclude Include="D:\OneDrive\Dokument\repos\YEngine\src\source\General\Locator.h">
      <Filter>Header Files</Filter>
    </ClInclude>
    <ClInclude Include="D:\OneDrive\Dokument\repos\YEngine\src\source\General\MemoryManager.h">
      <Filter>Header Files</Filter>
    </ClInclude>
    <ClInclude Include="D:\OneDrive\Dokument\repos\YEngine\src\source\General\Renderer.h">
      <Filter>Header Files</Filter>
    </ClInclude>
    <ClInclude Include="D:\OneDrive\Dokument\repos\YEngine\src\source\General\Resource.h">
      <Filter>Header Files</Filter>
    </ClInclude>
    <ClInclude Include="D:\OneDrive\Dokument\repos\YEngine\src\source\General\ResourceManager.h">
      <Filter>Header Files</Filter>
    </ClInclude>
    <ClInclude Include="D:\OneDrive\Dokument\repos\YEngine\src\source\General\Shader.h">
      <Filter>Header Files</Filter>
    </ClInclude>
    <ClInclude Include="D:\OneDrive\Dokument\repos\YEngine\src\source\General\State.h">
      <Filter>Header Files</Filter>
    </ClInclude>
    <ClInclude Include="D:\OneDrive\Dokument\repos\YEngine\src\source\General\StateManager.h">
      <Filter>Header Files</Filter>
    </ClInclude>
    <ClInclude Include="D:\OneDrive\Dokument\repos\YEngine\src\source\General\Texture.h">
      <Filter>Header Files</Filter>
    </ClInclude>
  </ItemGroup>
  <ItemGroup>
    <CustomBuild Include="D:\OneDrive\Dokument\repos\YEngine\src\CMakeLists.txt" />
  </ItemGroup>
  <ItemGroup>
    <Filter Include="Header Files">
      <UniqueIdentifier>{F150B10D-716D-3CAD-ABE4-D717F0695505}</UniqueIdentifier>
    </Filter>
    <Filter Include="Source Files">
      <UniqueIdentifier>{886A0617-D51F-3D59-B7DB-08325E97BFD1}</UniqueIdentifier>
    </Filter>
  </ItemGroup>
</Project>
